<?xml version="1.0" encoding="utf-8"?>
<Project ToolsVersion="4.0" xmlns="http://schemas.microsoft.com/developer/msbuild/2003">
  <ItemGroup>
    <Filter Include="Source Files">
      <UniqueIdentifier>{4FC737F1-C7A5-4376-A066-2A32D752A2FF}</UniqueIdentifier>
      <Extensions>cpp;c;cc;cxx;def;odl;idl;hpj;bat;asm;asmx</Extensions>
    </Filter>
    <Filter Include="Header Files">
      <UniqueIdentifier>{93995380-89BD-4b04-88EB-625FBE52EBFB}</UniqueIdentifier>
      <Extensions>h;hpp;hxx;hm;inl;inc;xsd</Extensions>
    </Filter>
    <Filter Include="Resource Files">
      <UniqueIdentifier>{67DA6AB6-F800-4c08-8B7A-83BB121AAD01}</UniqueIdentifier>
      <Extensions>rc;ico;cur;bmp;dlg;rc2;rct;bin;rgs;gif;jpg;jpeg;jpe;resx;tiff;tif;png;wav;mfcribbon-ms</Extensions>
    </Filter>
  </ItemGroup>
  <ItemGroup>
    <ClInclude Include="au3irr2.h">
      <Filter>Header Files</Filter>
    </ClInclude>
    <ClInclude Include="CBatchingMesh.h">
      <Filter>Header Files</Filter>
    </ClInclude>
    <ClInclude Include="CBeamSceneNode.h">
      <Filter>Header Files</Filter>
    </ClInclude>
    <ClInclude Include="CBoltSceneNode.h">
      <Filter>Header Files</Filter>
    </ClInclude>
    <ClInclude Include="CCloudSceneNode.h">
      <Filter>Header Files</Filter>
    </ClInclude>
    <ClInclude Include="CLODSceneNode.h">
      <Filter>Header Files</Filter>
    </ClInclude>
    <ClInclude Include="CLensFlareSceneNode.h">
      <Filter>Header Files</Filter>
    </ClInclude>
    <ClInclude Include="CGrassPatchSceneNode.h">
      <Filter>Header Files</Filter>
    </ClInclude>
    <ClInclude Include="XEffects.h">
      <Filter>Header Files</Filter>
    </ClInclude>
    <ClInclude Include="EffectCB.h">
      <Filter>Header Files</Filter>
    </ClInclude>
    <ClInclude Include="CZoneSceneNode.h">
      <Filter>Header Files</Filter>
    </ClInclude>
    <ClInclude Include="CWindGenerator.h">
      <Filter>Header Files</Filter>
    </ClInclude>
    <ClInclude Include="CTerrainTileSceneNode.h">
      <Filter>Header Files</Filter>
    </ClInclude>
    <ClInclude Include="CTerrainSphereNode.h">
      <Filter>Header Files</Filter>
    </ClInclude>
    <ClInclude Include="CSkyDomeColorSceneNode.h">
      <Filter>Header Files</Filter>
    </ClInclude>
    <ClInclude Include="CShaderPre.h">
      <Filter>Header Files</Filter>
    </ClInclude>
    <ClInclude Include="CScreenQuad.h">
      <Filter>Header Files</Filter>
    </ClInclude>
    <ClInclude Include="CSceneNodeAnimatorFade.h">
      <Filter>Header Files</Filter>
    </ClInclude>
    <ClInclude Include="CParticleEmissionAffector.h">
      <Filter>Header Files</Filter>
    </ClInclude>
    <ClInclude Include="CBillboardGroupSceneNode.h">
      <Filter>Header Files</Filter>
    </ClInclude>
    <ClInclude Include="IWindGenerator.h">
      <Filter>Header Files</Filter>
    </ClInclude>
    <ClInclude Include="ILensFlareSceneNode.h">
      <Filter>Header Files</Filter>
    </ClInclude>
    <ClInclude Include="EffectShaders.h">
      <Filter>Header Files</Filter>
    </ClInclude>
    <ClInclude Include="EffectHandler.h">
      <Filter>Header Files</Filter>
    </ClInclude>
    <ClInclude Include="HMDStereoRender.h">
      <Filter>Header Files</Filter>
    </ClInclude>
    <ClInclude Include="CSplineAffector.h">
      <Filter>Header Files</Filter>
    </ClInclude>
    <ClInclude Include="CImpostorSceneNode.h">
      <Filter>Header Files</Filter>
    </ClInclude>
    <ClInclude Include="CParticlePushAffector.h">
      <Filter>Header Files</Filter>
    </ClInclude>
    <ClInclude Include="CColorMorphAffector.h">
      <Filter>Header Files</Filter>
    </ClInclude>
  </ItemGroup>
  <ItemGroup>
    <ClCompile Include="CBatchingMesh.cpp">
      <Filter>Source Files</Filter>
    </ClCompile>
    <ClCompile Include="CBeamSceneNode.cpp">
      <Filter>Source Files</Filter>
    </ClCompile>
    <ClCompile Include="CBillboardGroupSceneNode.cpp">
      <Filter>Source Files</Filter>
    </ClCompile>
    <ClCompile Include="CBoltSceneNode.cpp">
      <Filter>Source Files</Filter>
    </ClCompile>
    <ClCompile Include="CCloudSceneNode.cpp">
      <Filter>Source Files</Filter>
    </ClCompile>
    <ClCompile Include="CColorMorphAffector.cpp">
      <Filter>Source Files</Filter>
    </ClCompile>
    <ClCompile Include="CGrassPatchSceneNode.cpp">
      <Filter>Source Files</Filter>
    </ClCompile>
    <ClCompile Include="CLensFlareSceneNode.cpp">
      <Filter>Source Files</Filter>
    </ClCompile>
    <ClCompile Include="CLODSceneNode.cpp">
      <Filter>Source Files</Filter>
    </ClCompile>
    <ClCompile Include="CParticleEmissionAffector.cpp">
      <Filter>Source Files</Filter>
    </ClCompile>
    <ClCompile Include="CParticlePushAffector.cpp">
      <Filter>Source Files</Filter>
    </ClCompile>
    <ClCompile Include="CSceneNodeAnimatorFade.cpp">
      <Filter>Source Files</Filter>
    </ClCompile>
    <ClCompile Include="CShaderPre.cpp">
      <Filter>Source Files</Filter>
    </ClCompile>
    <ClCompile Include="CSkyDomeColorSceneNode.cpp">
      <Filter>Source Files</Filter>
    </ClCompile>
    <ClCompile Include="CSplineAffector.cpp">
      <Filter>Source Files</Filter>
    </ClCompile>
    <ClCompile Include="CTerrainSphereNode.cpp">
      <Filter>Source Files</Filter>
    </ClCompile>
    <ClCompile Include="CTerrainTileSceneNode.cpp">
      <Filter>Source Files</Filter>
    </ClCompile>
    <ClCompile Include="CZoneSceneNode.cpp">
      <Filter>Source Files</Filter>
    </ClCompile>
    <ClCompile Include="EffectHandler.cpp">
      <Filter>Source Files</Filter>
    </ClCompile>
    <ClCompile Include="main.c">
      <Filter>Source Files</Filter>
    </ClCompile>
    <ClCompile Include="wrapper2d.cpp">
      <Filter>Source Files</Filter>
    </ClCompile>
    <ClCompile Include="wrapperanimation.cpp">
      <Filter>Source Files</Filter>
    </ClCompile>
    <ClCompile Include="wrappercamera.cpp">
      <Filter>Source Files</Filter>
    </ClCompile>
    <ClCompile Include="wrappercollision.cpp">
      <Filter>Source Files</Filter>
    </ClCompile>
    <ClCompile Include="wrapperfiling.cpp">
      <Filter>Source Files</Filter>
    </ClCompile>
    <ClCompile Include="wrappergui.cpp">
      <Filter>Source Files</Filter>
    </ClCompile>
    <ClCompile Include="wrapperkeyboardmouse.cpp">
      <Filter>Source Files</Filter>
    </ClCompile>
    <ClCompile Include="wrapperlighting.cpp">
      <Filter>Source Files</Filter>
    </ClCompile>
    <ClCompile Include="wrappernode.cpp">
      <Filter>Source Files</Filter>
    </ClCompile>
    <ClCompile Include="wrapperparticles.cpp">
      <Filter>Source Files</Filter>
    </ClCompile>
    <ClCompile Include="wrapperscene.cpp">
      <Filter>Source Files</Filter>
    </ClCompile>
    <ClCompile Include="wrappershaders.cpp">
      <Filter>Source Files</Filter>
    </ClCompile>
    <ClCompile Include="wrappersystem.cpp">
      <Filter>Source Files</Filter>
    </ClCompile>
    <ClCompile Include="wrapperterrain.cpp">
      <Filter>Source Files</Filter>
    </ClCompile>
    <ClCompile Include="au3irr2.cpp">
      <Filter>Source Files</Filter>
    </ClCompile>
    <ClCompile Include="HMDStereoRender.cpp">
      <Filter>Source Files</Filter>
    </ClCompile>
    <ClCompile Include="wrapperHMDStereoRender.cpp">
      <Filter>Source Files</Filter>
    </ClCompile>
  </ItemGroup>
  <ItemGroup>
    <Library Include="..\..\..\..\_sdks\irrlicht-1.7.1\lib\Win32-visualstudio\Irrlicht.lib" />
    <Library Include="..\..\..\..\_sdks\OculusSDK_204\LibOVR\Lib\Win32\libovr.lib" />
  </ItemGroup>
  <ItemGroup>
    <None Include="au3irr2.def" />
  </ItemGroup>
</Project>